
Microsoft Visual Studio Solution File, Format Version 12.00
# Visual Studio Version 17
VisualStudioVersion = 17.4.33403.182
MinimumVisualStudioVersion = 10.0.40219.1
Project("{FAE04EC0-301F-11D3-BF4B-00C04F79EFBC}") = "TestElectron", "TestElectron\TestElectron.csproj", "{9AD6F38C-6F18-4D60-A3F2-FD564B5AB568}"
EndProject
Global
	GlobalSection(SolutionConfigurationPlatforms) = preSolution
		Debug|Any CPU = Debug|Any CPU
		Release|Any CPU = Release|Any CPU
	EndGlobalSection
	GlobalSection(ProjectConfigurationPlatforms) = postSolution
		{9AD6F38C-6F18-4D60-A3F2-FD564B5AB568}.Debug|Any CPU.ActiveCfg = Debug|Any CPU
		{9AD6F38C-6F18-4D60-A3F2-FD564B5AB568}.Debug|Any CPU.Build.0 = Debug|Any CPU
		{9AD6F38C-6F18-4D60-A3F2-FD564B5AB568}.Release|Any CPU.ActiveCfg = Release|Any CPU
		{9AD6F38C-6F18-4D60-A3F2-FD564B5AB568}.Release|Any CPU.Build.0 = Release|Any CPU
	EndGlobalSection
	GlobalSection(SolutionProperties) = preSolution
		HideSolutionNode = FALSE
	EndGlobalSection
	GlobalSection(ExtensibilityGlobals) = postSolution
		SolutionGuid = {3274CA3E-489C-4E68-B685-F6AE1DFB97B8}
	EndGlobalSection
EndGlobal
